
Microsoft Visual Studio Solution File, Format Version 12.00
# Visual Studio Version 17
VisualStudioVersion = 17.10.34916.146
MinimumVisualStudioVersion = 10.0.40219.1
Project("{9A19103F-16F7-4668-BE54-9A1E7A4F7556}") = "MasterStream.Core.API", "MasterStream.Core.API\MasterStream.Core.API.csproj", "{B43705CB-1883-49CC-B558-3C238B993AE8}"
EndProject
Project("{9A19103F-16F7-4668-BE54-9A1E7A4F7556}") = "MasterStream.Core.API.Tests.Unit", "MasterStream.Core.API.Tests.Unit\MasterStream.Core.API.Tests.Unit.csproj", "{3689A0AA-FA02-4E70-B406-1E5C48E96D55}"
EndProject
Project("{9A19103F-16F7-4668-BE54-9A1E7A4F7556}") = "MasterStream.API.Infrastructure.Build", "MasterStream.API.Infrastructure.Build\MasterStream.API.Infrastructure.Build.csproj", "{63CAA6BF-9BDD-4D63-8CCB-52C38BEAEFB9}"
EndProject
Project("{9A19103F-16F7-4668-BE54-9A1E7A4F7556}") = "MasterStream.Web.Assm", "MasterStream.Web.Assm\MasterStream.Web.Assm.csproj", "{D2D4D49A-9134-446D-BC86-C33CD0E0E3B9}"
EndProject
Global
	GlobalSection(SolutionConfigurationPlatforms) = preSolution
		Debug|Any CPU = Debug|Any CPU
		Release|Any CPU = Release|Any CPU
	EndGlobalSection
	GlobalSection(ProjectConfigurationPlatforms) = postSolution
		{B43705CB-1883-49CC-B558-3C238B993AE8}.Debug|Any CPU.ActiveCfg = Debug|Any CPU
		{B43705CB-1883-49CC-B558-3C238B993AE8}.Debug|Any CPU.Build.0 = Debug|Any CPU
		{B43705CB-1883-49CC-B558-3C238B993AE8}.Release|Any CPU.ActiveCfg = Release|Any CPU
		{B43705CB-1883-49CC-B558-3C238B993AE8}.Release|Any CPU.Build.0 = Release|Any CPU
		{3689A0AA-FA02-4E70-B406-1E5C48E96D55}.Debug|Any CPU.ActiveCfg = Debug|Any CPU
		{3689A0AA-FA02-4E70-B406-1E5C48E96D55}.Debug|Any CPU.Build.0 = Debug|Any CPU
		{3689A0AA-FA02-4E70-B406-1E5C48E96D55}.Release|Any CPU.ActiveCfg = Release|Any CPU
		{3689A0AA-FA02-4E70-B406-1E5C48E96D55}.Release|Any CPU.Build.0 = Release|Any CPU
		{63CAA6BF-9BDD-4D63-8CCB-52C38BEAEFB9}.Debug|Any CPU.ActiveCfg = Debug|Any CPU
		{63CAA6BF-9BDD-4D63-8CCB-52C38BEAEFB9}.Debug|Any CPU.Build.0 = Debug|Any CPU
		{63CAA6BF-9BDD-4D63-8CCB-52C38BEAEFB9}.Release|Any CPU.ActiveCfg = Release|Any CPU
		{63CAA6BF-9BDD-4D63-8CCB-52C38BEAEFB9}.Release|Any CPU.Build.0 = Release|Any CPU
		{D2D4D49A-9134-446D-BC86-C33CD0E0E3B9}.Debug|Any CPU.ActiveCfg = Debug|Any CPU
		{D2D4D49A-9134-446D-BC86-C33CD0E0E3B9}.Debug|Any CPU.Build.0 = Debug|Any CPU
		{D2D4D49A-9134-446D-BC86-C33CD0E0E3B9}.Release|Any CPU.ActiveCfg = Release|Any CPU
		{D2D4D49A-9134-446D-BC86-C33CD0E0E3B9}.Release|Any CPU.Build.0 = Release|Any CPU
	EndGlobalSection
	GlobalSection(SolutionProperties) = preSolution
		HideSolutionNode = FALSE
	EndGlobalSection
	GlobalSection(ExtensibilityGlobals) = postSolution
		SolutionGuid = {E5756284-8FDC-499B-8EAA-173B22AD24C5}
	EndGlobalSection
EndGlobal
